
Microsoft Visual Studio Solution File, Format Version 12.00
# Visual Studio Version 17
VisualStudioVersion = 17.3.32922.545
MinimumVisualStudioVersion = 10.0.40219.1
Project("{FAE04EC0-301F-11D3-BF4B-00C04F79EFBC}") = "CoontroleFinanceiro", "CoontroleFinanceiro\CoontroleFinanceiro.csproj", "{94339D8B-BCFE-4EA1-9C35-01624D28EA72}"
EndProject
Global
	GlobalSection(SolutionConfigurationPlatforms) = preSolution
		Debug|Any CPU = Debug|Any CPU
		Release|Any CPU = Release|Any CPU
	EndGlobalSection
	GlobalSection(ProjectConfigurationPlatforms) = postSolution
		{94339D8B-BCFE-4EA1-9C35-01624D28EA72}.Debug|Any CPU.ActiveCfg = Debug|Any CPU
		{94339D8B-BCFE-4EA1-9C35-01624D28EA72}.Debug|Any CPU.Build.0 = Debug|Any CPU
		{94339D8B-BCFE-4EA1-9C35-01624D28EA72}.Release|Any CPU.ActiveCfg = Release|Any CPU
		{94339D8B-BCFE-4EA1-9C35-01624D28EA72}.Release|Any CPU.Build.0 = Release|Any CPU
	EndGlobalSection
	GlobalSection(SolutionProperties) = preSolution
		HideSolutionNode = FALSE
	EndGlobalSection
	GlobalSection(ExtensibilityGlobals) = postSolution
		SolutionGuid = {C487A965-B9BC-48B4-8C84-60B0B4612DAA}
	EndGlobalSection
EndGlobal
